
Microsoft Visual Studio Solution File, Format Version 12.00
# Visual Studio Version 16
VisualStudioVersion = 16.0.30320.27
MinimumVisualStudioVersion = 15.0.26124.0
Project("{9A19103F-16F7-4668-BE54-9A1E7A4F7556}") = "AsyncProgram", "AsyncProgram\AsyncProgram.csproj", "{B1E30817-CB9C-44A6-9860-184978F52014}"
EndProject
Project("{9A19103F-16F7-4668-BE54-9A1E7A4F7556}") = "FullGCNotification", "FullGCNotification\FullGCNotification.csproj", "{0BA107CB-8AC8-4EDB-95A1-172EF93E53AE}"
EndProject
Project("{9A19103F-16F7-4668-BE54-9A1E7A4F7556}") = "GCPool", "GCPool\GCPool.csproj", "{D0A1525D-AF5E-42AF-8446-76A6DC755F8D}"
EndProject
Project("{9A19103F-16F7-4668-BE54-9A1E7A4F7556}") = "HighPerformanceIOProgram", "HighPerformanceIOProgram\HighPerformanceIOProgram.csproj", "{35545733-71A2-475D-A872-52A2964CC606}"
EndProject
Project("{9A19103F-16F7-4668-BE54-9A1E7A4F7556}") = "LockFreeWithInterlocked", "LockFreeWithInterlocked\LockFreeWithInterlocked.csproj", "{15978901-6FAD-434A-9E49-E13C584D8089}"
EndProject
Project("{9A19103F-16F7-4668-BE54-9A1E7A4F7556}") = "MomeryAllocation", "MomeryAllocation\MomeryAllocation.csproj", "{BA19011A-0AF8-449E-9076-2864AF16C7FE}"
EndProject
Project("{9A19103F-16F7-4668-BE54-9A1E7A4F7556}") = "Parallel", "Parallel\Parallel.csproj", "{84867F99-3E1F-4CCB-8D00-26BEDBA7B3DB}"
EndProject
Project("{9A19103F-16F7-4668-BE54-9A1E7A4F7556}") = "GenericOptimization", "GenericOptimization\GenericOptimization.csproj", "{B13E5268-82FC-4E84-B9C7-51258906D634}"
EndProject
Project("{9A19103F-16F7-4668-BE54-9A1E7A4F7556}") = "TPLDataflow", "TPLDataflow\TPLDataflow.csproj", "{1BEDE8CA-EBAC-4F6D-B9F9-9F0D33AD540E}"
EndProject
Project("{9A19103F-16F7-4668-BE54-9A1E7A4F7556}") = "DynamicLoadExtension", "DynamicLoadExtension\DynamicLoadExtension.csproj", "{87F08352-92C2-4409-BE15-BC698E010B6F}"
EndProject
Project("{9A19103F-16F7-4668-BE54-9A1E7A4F7556}") = "DynamicLoadExecutor", "DynamicLoadExecutor\DynamicLoadExecutor.csproj", "{42E072A4-C603-4A6E-BF10-E5266CDAB10C}"
EndProject
Project("{9A19103F-16F7-4668-BE54-9A1E7A4F7556}") = "EtlDemo", "EtlDemo\EtlDemo.csproj", "{63775BC8-69E2-4975-99D5-462EAFDD867F}"
EndProject
Project("{2150E333-8FDC-42A3-9474-1A3956D46DE8}") = "SampleCodeAnalyzer", "SampleCodeAnalyzer", "{D49CD2CE-A216-4839-A73E-95B59957FECD}"
EndProject
Project("{FAE04EC0-301F-11D3-BF4B-00C04F79EFBC}") = "SampleCodeAnalyzer", "SampleCodeAnalyzer\SampleCodeAnalyzer\SampleCodeAnalyzer.csproj", "{8ABB1459-E66D-493F-85B1-8314014A70F5}"
EndProject
Project("{FAE04EC0-301F-11D3-BF4B-00C04F79EFBC}") = "SampleCodeAnalyzer.CodeFixes", "SampleCodeAnalyzer\SampleCodeAnalyzer.CodeFixes\SampleCodeAnalyzer.CodeFixes.csproj", "{200E63E6-F6E8-4719-A1E9-870995008F26}"
EndProject
Project("{FAE04EC0-301F-11D3-BF4B-00C04F79EFBC}") = "SampleCodeAnalyzer.Package", "SampleCodeAnalyzer\SampleCodeAnalyzer.Package\SampleCodeAnalyzer.Package.csproj", "{ABE3108F-EB89-492D-B2B5-99DC3D8DD232}"
EndProject
Project("{FAE04EC0-301F-11D3-BF4B-00C04F79EFBC}") = "SampleCodeAnalyzer.Test", "SampleCodeAnalyzer\SampleCodeAnalyzer.Test\SampleCodeAnalyzer.Test.csproj", "{BC8C0809-3F7C-4866-8961-3699F4BF2833}"
EndProject
Project("{FAE04EC0-301F-11D3-BF4B-00C04F79EFBC}") = "SampleCodeAnalyzer.Vsix", "SampleCodeAnalyzer\SampleCodeAnalyzer.Vsix\SampleCodeAnalyzer.Vsix.csproj", "{6ECA5468-556A-49BC-B2B2-915E83E3D284}"
EndProject
Global
	GlobalSection(SolutionConfigurationPlatforms) = preSolution
		Debug|Any CPU = Debug|Any CPU
		Debug|x64 = Debug|x64
		Debug|x86 = Debug|x86
		Release|Any CPU = Release|Any CPU
		Release|x64 = Release|x64
		Release|x86 = Release|x86
	EndGlobalSection
	GlobalSection(ProjectConfigurationPlatforms) = postSolution
		{B1E30817-CB9C-44A6-9860-184978F52014}.Debug|Any CPU.ActiveCfg = Debug|Any CPU
		{B1E30817-CB9C-44A6-9860-184978F52014}.Debug|Any CPU.Build.0 = Debug|Any CPU
		{B1E30817-CB9C-44A6-9860-184978F52014}.Debug|x64.ActiveCfg = Debug|Any CPU
		{B1E30817-CB9C-44A6-9860-184978F52014}.Debug|x64.Build.0 = Debug|Any CPU
		{B1E30817-CB9C-44A6-9860-184978F52014}.Debug|x86.ActiveCfg = Debug|Any CPU
		{B1E30817-CB9C-44A6-9860-184978F52014}.Debug|x86.Build.0 = Debug|Any CPU
		{B1E30817-CB9C-44A6-9860-184978F52014}.Release|Any CPU.ActiveCfg = Release|Any CPU
		{B1E30817-CB9C-44A6-9860-184978F52014}.Release|Any CPU.Build.0 = Release|Any CPU
		{B1E30817-CB9C-44A6-9860-184978F52014}.Release|x64.ActiveCfg = Release|Any CPU
		{B1E30817-CB9C-44A6-9860-184978F52014}.Release|x64.Build.0 = Release|Any CPU
		{B1E30817-CB9C-44A6-9860-184978F52014}.Release|x86.ActiveCfg = Release|Any CPU
		{B1E30817-CB9C-44A6-9860-184978F52014}.Release|x86.Build.0 = Release|Any CPU
		{0BA107CB-8AC8-4EDB-95A1-172EF93E53AE}.Debug|Any CPU.ActiveCfg = Debug|Any CPU
		{0BA107CB-8AC8-4EDB-95A1-172EF93E53AE}.Debug|Any CPU.Build.0 = Debug|Any CPU
		{0BA107CB-8AC8-4EDB-95A1-172EF93E53AE}.Debug|x64.ActiveCfg = Debug|Any CPU
		{0BA107CB-8AC8-4EDB-95A1-172EF93E53AE}.Debug|x64.Build.0 = Debug|Any CPU
		{0BA107CB-8AC8-4EDB-95A1-172EF93E53AE}.Debug|x86.ActiveCfg = Debug|Any CPU
		{0BA107CB-8AC8-4EDB-95A1-172EF93E53AE}.Debug|x86.Build.0 = Debug|Any CPU
		{0BA107CB-8AC8-4EDB-95A1-172EF93E53AE}.Release|Any CPU.ActiveCfg = Release|Any CPU
		{0BA107CB-8AC8-4EDB-95A1-172EF93E53AE}.Release|Any CPU.Build.0 = Release|Any CPU
		{0BA107CB-8AC8-4EDB-95A1-172EF93E53AE}.Release|x64.ActiveCfg = Release|Any CPU
		{0BA107CB-8AC8-4EDB-95A1-172EF93E53AE}.Release|x64.Build.0 = Release|Any CPU
		{0BA107CB-8AC8-4EDB-95A1-172EF93E53AE}.Release|x86.ActiveCfg = Release|Any CPU
		{0BA107CB-8AC8-4EDB-95A1-172EF93E53AE}.Release|x86.Build.0 = Release|Any CPU
		{D0A1525D-AF5E-42AF-8446-76A6DC755F8D}.Debug|Any CPU.ActiveCfg = Debug|Any CPU
		{D0A1525D-AF5E-42AF-8446-76A6DC755F8D}.Debug|Any CPU.Build.0 = Debug|Any CPU
		{D0A1525D-AF5E-42AF-8446-76A6DC755F8D}.Debug|x64.ActiveCfg = Debug|Any CPU
		{D0A1525D-AF5E-42AF-8446-76A6DC755F8D}.Debug|x64.Build.0 = Debug|Any CPU
		{D0A1525D-AF5E-42AF-8446-76A6DC755F8D}.Debug|x86.ActiveCfg = Debug|Any CPU
		{D0A1525D-AF5E-42AF-8446-76A6DC755F8D}.Debug|x86.Build.0 = Debug|Any CPU
		{D0A1525D-AF5E-42AF-8446-76A6DC755F8D}.Release|Any CPU.ActiveCfg = Release|Any CPU
		{D0A1525D-AF5E-42AF-8446-76A6DC755F8D}.Release|Any CPU.Build.0 = Release|Any CPU
		{D0A1525D-AF5E-42AF-8446-76A6DC755F8D}.Release|x64.ActiveCfg = Release|Any CPU
		{D0A1525D-AF5E-42AF-8446-76A6DC755F8D}.Release|x64.Build.0 = Release|Any CPU
		{D0A1525D-AF5E-42AF-8446-76A6DC755F8D}.Release|x86.ActiveCfg = Release|Any CPU
		{D0A1525D-AF5E-42AF-8446-76A6DC755F8D}.Release|x86.Build.0 = Release|Any CPU
		{35545733-71A2-475D-A872-52A2964CC606}.Debug|Any CPU.ActiveCfg = Debug|Any CPU
		{35545733-71A2-475D-A872-52A2964CC606}.Debug|Any CPU.Build.0 = Debug|Any CPU
		{35545733-71A2-475D-A872-52A2964CC606}.Debug|x64.ActiveCfg = Debug|Any CPU
		{35545733-71A2-475D-A872-52A2964CC606}.Debug|x64.Build.0 = Debug|Any CPU
		{35545733-71A2-475D-A872-52A2964CC606}.Debug|x86.ActiveCfg = Debug|Any CPU
		{35545733-71A2-475D-A872-52A2964CC606}.Debug|x86.Build.0 = Debug|Any CPU
		{35545733-71A2-475D-A872-52A2964CC606}.Release|Any CPU.ActiveCfg = Release|Any CPU
		{35545733-71A2-475D-A872-52A2964CC606}.Release|Any CPU.Build.0 = Release|Any CPU
		{35545733-71A2-475D-A872-52A2964CC606}.Release|x64.ActiveCfg = Release|Any CPU
		{35545733-71A2-475D-A872-52A2964CC606}.Release|x64.Build.0 = Release|Any CPU
		{35545733-71A2-475D-A872-52A2964CC606}.Release|x86.ActiveCfg = Release|Any CPU
		{35545733-71A2-475D-A872-52A2964CC606}.Release|x86.Build.0 = Release|Any CPU
		{15978901-6FAD-434A-9E49-E13C584D8089}.Debug|Any CPU.ActiveCfg = Debug|Any CPU
		{15978901-6FAD-434A-9E49-E13C584D8089}.Debug|Any CPU.Build.0 = Debug|Any CPU
		{15978901-6FAD-434A-9E49-E13C584D8089}.Debug|x64.ActiveCfg = Debug|Any CPU
		{15978901-6FAD-434A-9E49-E13C584D8089}.Debug|x64.Build.0 = Debug|Any CPU
		{15978901-6FAD-434A-9E49-E13C584D8089}.Debug|x86.ActiveCfg = Debug|Any CPU
		{15978901-6FAD-434A-9E49-E13C584D8089}.Debug|x86.Build.0 = Debug|Any CPU
		{15978901-6FAD-434A-9E49-E13C584D8089}.Release|Any CPU.ActiveCfg = Release|Any CPU
		{15978901-6FAD-434A-9E49-E13C584D8089}.Release|Any CPU.Build.0 = Release|Any CPU
		{15978901-6FAD-434A-9E49-E13C584D8089}.Release|x64.ActiveCfg = Release|Any CPU
		{15978901-6FAD-434A-9E49-E13C584D8089}.Release|x64.Build.0 = Release|Any CPU
		{15978901-6FAD-434A-9E49-E13C584D8089}.Release|x86.ActiveCfg = Release|Any CPU
		{15978901-6FAD-434A-9E49-E13C584D8089}.Release|x86.Build.0 = Release|Any CPU
		{BA19011A-0AF8-449E-9076-2864AF16C7FE}.Debug|Any CPU.ActiveCfg = Debug|Any CPU
		{BA19011A-0AF8-449E-9076-2864AF16C7FE}.Debug|Any CPU.Build.0 = Debug|Any CPU
		{BA19011A-0AF8-449E-9076-2864AF16C7FE}.Debug|x64.ActiveCfg = Debug|Any CPU
		{BA19011A-0AF8-449E-9076-2864AF16C7FE}.Debug|x64.Build.0 = Debug|Any CPU
		{BA19011A-0AF8-449E-9076-2864AF16C7FE}.Debug|x86.ActiveCfg = Debug|Any CPU
		{BA19011A-0AF8-449E-9076-2864AF16C7FE}.Debug|x86.Build.0 = Debug|Any CPU
		{BA19011A-0AF8-449E-9076-2864AF16C7FE}.Release|Any CPU.ActiveCfg = Release|Any CPU
		{BA19011A-0AF8-449E-9076-2864AF16C7FE}.Release|Any CPU.Build.0 = Release|Any CPU
		{BA19011A-0AF8-449E-9076-2864AF16C7FE}.Release|x64.ActiveCfg = Release|Any CPU
		{BA19011A-0AF8-449E-9076-2864AF16C7FE}.Release|x64.Build.0 = Release|Any CPU
		{BA19011A-0AF8-449E-9076-2864AF16C7FE}.Release|x86.ActiveCfg = Release|Any CPU
		{BA19011A-0AF8-449E-9076-2864AF16C7FE}.Release|x86.Build.0 = Release|Any CPU
		{84867F99-3E1F-4CCB-8D00-26BEDBA7B3DB}.Debug|Any CPU.ActiveCfg = Debug|Any CPU
		{84867F99-3E1F-4CCB-8D00-26BEDBA7B3DB}.Debug|Any CPU.Build.0 = Debug|Any CPU
		{84867F99-3E1F-4CCB-8D00-26BEDBA7B3DB}.Debug|x64.ActiveCfg = Debug|Any CPU
		{84867F99-3E1F-4CCB-8D00-26BEDBA7B3DB}.Debug|x64.Build.0 = Debug|Any CPU
		{84867F99-3E1F-4CCB-8D00-26BEDBA7B3DB}.Debug|x86.ActiveCfg = Debug|Any CPU
		{84867F99-3E1F-4CCB-8D00-26BEDBA7B3DB}.Debug|x86.Build.0 = Debug|Any CPU
		{84867F99-3E1F-4CCB-8D00-26BEDBA7B3DB}.Release|Any CPU.ActiveCfg = Release|Any CPU
		{84867F99-3E1F-4CCB-8D00-26BEDBA7B3DB}.Release|Any CPU.Build.0 = Release|Any CPU
		{84867F99-3E1F-4CCB-8D00-26BEDBA7B3DB}.Release|x64.ActiveCfg = Release|Any CPU
		{84867F99-3E1F-4CCB-8D00-26BEDBA7B3DB}.Release|x64.Build.0 = Release|Any CPU
		{84867F99-3E1F-4CCB-8D00-26BEDBA7B3DB}.Release|x86.ActiveCfg = Release|Any CPU
		{84867F99-3E1F-4CCB-8D00-26BEDBA7B3DB}.Release|x86.Build.0 = Release|Any CPU
		{B13E5268-82FC-4E84-B9C7-51258906D634}.Debug|Any CPU.ActiveCfg = Debug|Any CPU
		{B13E5268-82FC-4E84-B9C7-51258906D634}.Debug|Any CPU.Build.0 = Debug|Any CPU
		{B13E5268-82FC-4E84-B9C7-51258906D634}.Debug|x64.ActiveCfg = Debug|Any CPU
		{B13E5268-82FC-4E84-B9C7-51258906D634}.Debug|x64.Build.0 = Debug|Any CPU
		{B13E5268-82FC-4E84-B9C7-51258906D634}.Debug|x86.ActiveCfg = Debug|Any CPU
		{B13E5268-82FC-4E84-B9C7-51258906D634}.Debug|x86.Build.0 = Debug|Any CPU
		{B13E5268-82FC-4E84-B9C7-51258906D634}.Release|Any CPU.ActiveCfg = Release|Any CPU
		{B13E5268-82FC-4E84-B9C7-51258906D634}.Release|Any CPU.Build.0 = Release|Any CPU
		{B13E5268-82FC-4E84-B9C7-51258906D634}.Release|x64.ActiveCfg = Release|Any CPU
		{B13E5268-82FC-4E84-B9C7-51258906D634}.Release|x64.Build.0 = Release|Any CPU
		{B13E5268-82FC-4E84-B9C7-51258906D634}.Release|x86.ActiveCfg = Release|Any CPU
		{B13E5268-82FC-4E84-B9C7-51258906D634}.Release|x86.Build.0 = Release|Any CPU
		{1BEDE8CA-EBAC-4F6D-B9F9-9F0D33AD540E}.Debug|Any CPU.ActiveCfg = Debug|Any CPU
		{1BEDE8CA-EBAC-4F6D-B9F9-9F0D33AD540E}.Debug|Any CPU.Build.0 = Debug|Any CPU
		{1BEDE8CA-EBAC-4F6D-B9F9-9F0D33AD540E}.Debug|x64.ActiveCfg = Debug|Any CPU
		{1BEDE8CA-EBAC-4F6D-B9F9-9F0D33AD540E}.Debug|x64.Build.0 = Debug|Any CPU
		{1BEDE8CA-EBAC-4F6D-B9F9-9F0D33AD540E}.Debug|x86.ActiveCfg = Debug|Any CPU
		{1BEDE8CA-EBAC-4F6D-B9F9-9F0D33AD540E}.Debug|x86.Build.0 = Debug|Any CPU
		{1BEDE8CA-EBAC-4F6D-B9F9-9F0D33AD540E}.Release|Any CPU.ActiveCfg = Release|Any CPU
		{1BEDE8CA-EBAC-4F6D-B9F9-9F0D33AD540E}.Release|Any CPU.Build.0 = Release|Any CPU
		{1BEDE8CA-EBAC-4F6D-B9F9-9F0D33AD540E}.Release|x64.ActiveCfg = Release|Any CPU
		{1BEDE8CA-EBAC-4F6D-B9F9-9F0D33AD540E}.Release|x64.Build.0 = Release|Any CPU
		{1BEDE8CA-EBAC-4F6D-B9F9-9F0D33AD540E}.Release|x86.ActiveCfg = Release|Any CPU
		{1BEDE8CA-EBAC-4F6D-B9F9-9F0D33AD540E}.Release|x86.Build.0 = Release|Any CPU
		{87F08352-92C2-4409-BE15-BC698E010B6F}.Debug|Any CPU.ActiveCfg = Debug|Any CPU
		{87F08352-92C2-4409-BE15-BC698E010B6F}.Debug|Any CPU.Build.0 = Debug|Any CPU
		{87F08352-92C2-4409-BE15-BC698E010B6F}.Debug|x64.ActiveCfg = Debug|Any CPU
		{87F08352-92C2-4409-BE15-BC698E010B6F}.Debug|x64.Build.0 = Debug|Any CPU
		{87F08352-92C2-4409-BE15-BC698E010B6F}.Debug|x86.ActiveCfg = Debug|Any CPU
		{87F08352-92C2-4409-BE15-BC698E010B6F}.Debug|x86.Build.0 = Debug|Any CPU
		{87F08352-92C2-4409-BE15-BC698E010B6F}.Release|Any CPU.ActiveCfg = Release|Any CPU
		{87F08352-92C2-4409-BE15-BC698E010B6F}.Release|Any CPU.Build.0 = Release|Any CPU
		{87F08352-92C2-4409-BE15-BC698E010B6F}.Release|x64.ActiveCfg = Release|Any CPU
		{87F08352-92C2-4409-BE15-BC698E010B6F}.Release|x64.Build.0 = Release|Any CPU
		{87F08352-92C2-4409-BE15-BC698E010B6F}.Release|x86.ActiveCfg = Release|Any CPU
		{87F08352-92C2-4409-BE15-BC698E010B6F}.Release|x86.Build.0 = Release|Any CPU
		{42E072A4-C603-4A6E-BF10-E5266CDAB10C}.Debug|Any CPU.ActiveCfg = Debug|Any CPU
		{42E072A4-C603-4A6E-BF10-E5266CDAB10C}.Debug|Any CPU.Build.0 = Debug|Any CPU
		{42E072A4-C603-4A6E-BF10-E5266CDAB10C}.Debug|x64.ActiveCfg = Debug|Any CPU
		{42E072A4-C603-4A6E-BF10-E5266CDAB10C}.Debug|x64.Build.0 = Debug|Any CPU
		{42E072A4-C603-4A6E-BF10-E5266CDAB10C}.Debug|x86.ActiveCfg = Debug|Any CPU
		{42E072A4-C603-4A6E-BF10-E5266CDAB10C}.Debug|x86.Build.0 = Debug|Any CPU
		{42E072A4-C603-4A6E-BF10-E5266CDAB10C}.Release|Any CPU.ActiveCfg = Release|Any CPU
		{42E072A4-C603-4A6E-BF10-E5266CDAB10C}.Release|Any CPU.Build.0 = Release|Any CPU
		{42E072A4-C603-4A6E-BF10-E5266CDAB10C}.Release|x64.ActiveCfg = Release|Any CPU
		{42E072A4-C603-4A6E-BF10-E5266CDAB10C}.Release|x64.Build.0 = Release|Any CPU
		{42E072A4-C603-4A6E-BF10-E5266CDAB10C}.Release|x86.ActiveCfg = Release|Any CPU
		{42E072A4-C603-4A6E-BF10-E5266CDAB10C}.Release|x86.Build.0 = Release|Any CPU
		{63775BC8-69E2-4975-99D5-462EAFDD867F}.Debug|Any CPU.ActiveCfg = Debug|Any CPU
		{63775BC8-69E2-4975-99D5-462EAFDD867F}.Debug|Any CPU.Build.0 = Debug|Any CPU
		{63775BC8-69E2-4975-99D5-462EAFDD867F}.Debug|x64.ActiveCfg = Debug|Any CPU
		{63775BC8-69E2-4975-99D5-462EAFDD867F}.Debug|x64.Build.0 = Debug|Any CPU
		{63775BC8-69E2-4975-99D5-462EAFDD867F}.Debug|x86.ActiveCfg = Debug|Any CPU
		{63775BC8-69E2-4975-99D5-462EAFDD867F}.Debug|x86.Build.0 = Debug|Any CPU
		{63775BC8-69E2-4975-99D5-462EAFDD867F}.Release|Any CPU.ActiveCfg = Release|Any CPU
		{63775BC8-69E2-4975-99D5-462EAFDD867F}.Release|Any CPU.Build.0 = Release|Any CPU
		{63775BC8-69E2-4975-99D5-462EAFDD867F}.Release|x64.ActiveCfg = Release|Any CPU
		{63775BC8-69E2-4975-99D5-462EAFDD867F}.Release|x64.Build.0 = Release|Any CPU
		{63775BC8-69E2-4975-99D5-462EAFDD867F}.Release|x86.ActiveCfg = Release|Any CPU
		{63775BC8-69E2-4975-99D5-462EAFDD867F}.Release|x86.Build.0 = Release|Any CPU
		{8ABB1459-E66D-493F-85B1-8314014A70F5}.Debug|Any CPU.ActiveCfg = Debug|Any CPU
		{8ABB1459-E66D-493F-85B1-8314014A70F5}.Debug|Any CPU.Build.0 = Debug|Any CPU
		{8ABB1459-E66D-493F-85B1-8314014A70F5}.Debug|x64.ActiveCfg = Debug|Any CPU
		{8ABB1459-E66D-493F-85B1-8314014A70F5}.Debug|x64.Build.0 = Debug|Any CPU
		{8ABB1459-E66D-493F-85B1-8314014A70F5}.Debug|x86.ActiveCfg = Debug|Any CPU
		{8ABB1459-E66D-493F-85B1-8314014A70F5}.Debug|x86.Build.0 = Debug|Any CPU
		{8ABB1459-E66D-493F-85B1-8314014A70F5}.Release|Any CPU.ActiveCfg = Release|Any CPU
		{8ABB1459-E66D-493F-85B1-8314014A70F5}.Release|Any CPU.Build.0 = Release|Any CPU
		{8ABB1459-E66D-493F-85B1-8314014A70F5}.Release|x64.ActiveCfg = Release|Any CPU
		{8ABB1459-E66D-493F-85B1-8314014A70F5}.Release|x64.Build.0 = Release|Any CPU
		{8ABB1459-E66D-493F-85B1-8314014A70F5}.Release|x86.ActiveCfg = Release|Any CPU
		{8ABB1459-E66D-493F-85B1-8314014A70F5}.Release|x86.Build.0 = Release|Any CPU
		{200E63E6-F6E8-4719-A1E9-870995008F26}.Debug|Any CPU.ActiveCfg = Debug|Any CPU
		{200E63E6-F6E8-4719-A1E9-870995008F26}.Debug|Any CPU.Build.0 = Debug|Any CPU
		{200E63E6-F6E8-4719-A1E9-870995008F26}.Debug|x64.ActiveCfg = Debug|Any CPU
		{200E63E6-F6E8-4719-A1E9-870995008F26}.Debug|x64.Build.0 = Debug|Any CPU
		{200E63E6-F6E8-4719-A1E9-870995008F26}.Debug|x86.ActiveCfg = Debug|Any CPU
		{200E63E6-F6E8-4719-A1E9-870995008F26}.Debug|x86.Build.0 = Debug|Any CPU
		{200E63E6-F6E8-4719-A1E9-870995008F26}.Release|Any CPU.ActiveCfg = Release|Any CPU
		{200E63E6-F6E8-4719-A1E9-870995008F26}.Release|Any CPU.Build.0 = Release|Any CPU
		{200E63E6-F6E8-4719-A1E9-870995008F26}.Release|x64.ActiveCfg = Release|Any CPU
		{200E63E6-F6E8-4719-A1E9-870995008F26}.Release|x64.Build.0 = Release|Any CPU
		{200E63E6-F6E8-4719-A1E9-870995008F26}.Release|x86.ActiveCfg = Release|Any CPU
		{200E63E6-F6E8-4719-A1E9-870995008F26}.Release|x86.Build.0 = Release|Any CPU
		{ABE3108F-EB89-492D-B2B5-99DC3D8DD232}.Debug|Any CPU.ActiveCfg = Debug|Any CPU
		{ABE3108F-EB89-492D-B2B5-99DC3D8DD232}.Debug|Any CPU.Build.0 = Debug|Any CPU
		{ABE3108F-EB89-492D-B2B5-99DC3D8DD232}.Debug|x64.ActiveCfg = Debug|Any CPU
		{ABE3108F-EB89-492D-B2B5-99DC3D8DD232}.Debug|x64.Build.0 = Debug|Any CPU
		{ABE3108F-EB89-492D-B2B5-99DC3D8DD232}.Debug|x86.ActiveCfg = Debug|Any CPU
		{ABE3108F-EB89-492D-B2B5-99DC3D8DD232}.Debug|x86.Build.0 = Debug|Any CPU
		{ABE3108F-EB89-492D-B2B5-99DC3D8DD232}.Release|Any CPU.ActiveCfg = Release|Any CPU
		{ABE3108F-EB89-492D-B2B5-99DC3D8DD232}.Release|Any CPU.Build.0 = Release|Any CPU
		{ABE3108F-EB89-492D-B2B5-99DC3D8DD232}.Release|x64.ActiveCfg = Release|Any CPU
		{ABE3108F-EB89-492D-B2B5-99DC3D8DD232}.Release|x64.Build.0 = Release|Any CPU
		{ABE3108F-EB89-492D-B2B5-99DC3D8DD232}.Release|x86.ActiveCfg = Release|Any CPU
		{ABE3108F-EB89-492D-B2B5-99DC3D8DD232}.Release|x86.Build.0 = Release|Any CPU
		{BC8C0809-3F7C-4866-8961-3699F4BF2833}.Debug|Any CPU.ActiveCfg = Debug|Any CPU
		{BC8C0809-3F7C-4866-8961-3699F4BF2833}.Debug|Any CPU.Build.0 = Debug|Any CPU
		{BC8C0809-3F7C-4866-8961-3699F4BF2833}.Debug|x64.ActiveCfg = Debug|Any CPU
		{BC8C0809-3F7C-4866-8961-3699F4BF2833}.Debug|x64.Build.0 = Debug|Any CPU
		{BC8C0809-3F7C-4866-8961-3699F4BF2833}.Debug|x86.ActiveCfg = Debug|Any CPU
		{BC8C0809-3F7C-4866-8961-3699F4BF2833}.Debug|x86.Build.0 = Debug|Any CPU
		{BC8C0809-3F7C-4866-8961-3699F4BF2833}.Release|Any CPU.ActiveCfg = Release|Any CPU
		{BC8C0809-3F7C-4866-8961-3699F4BF2833}.Release|Any CPU.Build.0 = Release|Any CPU
		{BC8C0809-3F7C-4866-8961-3699F4BF2833}.Release|x64.ActiveCfg = Release|Any CPU
		{BC8C0809-3F7C-4866-8961-3699F4BF2833}.Release|x64.Build.0 = Release|Any CPU
		{BC8C0809-3F7C-4866-8961-3699F4BF2833}.Release|x86.ActiveCfg = Release|Any CPU
		{BC8C0809-3F7C-4866-8961-3699F4BF2833}.Release|x86.Build.0 = Release|Any CPU
		{6ECA5468-556A-49BC-B2B2-915E83E3D284}.Debug|Any CPU.ActiveCfg = Debug|Any CPU
		{6ECA5468-556A-49BC-B2B2-915E83E3D284}.Debug|Any CPU.Build.0 = Debug|Any CPU
		{6ECA5468-556A-49BC-B2B2-915E83E3D284}.Debug|x64.ActiveCfg = Debug|Any CPU
		{6ECA5468-556A-49BC-B2B2-915E83E3D284}.Debug|x64.Build.0 = Debug|Any CPU
		{6ECA5468-556A-49BC-B2B2-915E83E3D284}.Debug|x86.ActiveCfg = Debug|Any CPU
		{6ECA5468-556A-49BC-B2B2-915E83E3D284}.Debug|x86.Build.0 = Debug|Any CPU
		{6ECA5468-556A-49BC-B2B2-915E83E3D284}.Release|Any CPU.ActiveCfg = Release|Any CPU
		{6ECA5468-556A-49BC-B2B2-915E83E3D284}.Release|Any CPU.Build.0 = Release|Any CPU
		{6ECA5468-556A-49BC-B2B2-915E83E3D284}.Release|x64.ActiveCfg = Release|Any CPU
		{6ECA5468-556A-49BC-B2B2-915E83E3D284}.Release|x64.Build.0 = Release|Any CPU
		{6ECA5468-556A-49BC-B2B2-915E83E3D284}.Release|x86.ActiveCfg = Release|Any CPU
		{6ECA5468-556A-49BC-B2B2-915E83E3D284}.Release|x86.Build.0 = Release|Any CPU
	EndGlobalSection
	GlobalSection(SolutionProperties) = preSolution
		HideSolutionNode = FALSE
	EndGlobalSection
	GlobalSection(NestedProjects) = preSolution
		{8ABB1459-E66D-493F-85B1-8314014A70F5} = {D49CD2CE-A216-4839-A73E-95B59957FECD}
		{200E63E6-F6E8-4719-A1E9-870995008F26} = {D49CD2CE-A216-4839-A73E-95B59957FECD}
		{ABE3108F-EB89-492D-B2B5-99DC3D8DD232} = {D49CD2CE-A216-4839-A73E-95B59957FECD}
		{BC8C0809-3F7C-4866-8961-3699F4BF2833} = {D49CD2CE-A216-4839-A73E-95B59957FECD}
		{6ECA5468-556A-49BC-B2B2-915E83E3D284} = {D49CD2CE-A216-4839-A73E-95B59957FECD}
	EndGlobalSection
	GlobalSection(ExtensibilityGlobals) = postSolution
		SolutionGuid = {9FC2275C-6BE6-4318-83DD-C5895E3CB963}
	EndGlobalSection
EndGlobal
