
Microsoft Visual Studio Solution File, Format Version 12.00
# Visual Studio 15
VisualStudioVersion = 15.0.26124.0
MinimumVisualStudioVersion = 15.0.26124.0
Project("{FAE04EC0-301F-11D3-BF4B-00C04F79EFBC}") = "AsyncProgram", "AsyncProgram\AsyncProgram.csproj", "{B1E30817-CB9C-44A6-9860-184978F52014}"
EndProject
Project("{FAE04EC0-301F-11D3-BF4B-00C04F79EFBC}") = "FullGCNotification", "FullGCNotification\FullGCNotification.csproj", "{0BA107CB-8AC8-4EDB-95A1-172EF93E53AE}"
EndProject
Project("{FAE04EC0-301F-11D3-BF4B-00C04F79EFBC}") = "GCPool", "GCPool\GCPool.csproj", "{D0A1525D-AF5E-42AF-8446-76A6DC755F8D}"
EndProject
Project("{FAE04EC0-301F-11D3-BF4B-00C04F79EFBC}") = "HighPerformanceIOProgram", "HighPerformanceIOProgram\HighPerformanceIOProgram.csproj", "{35545733-71A2-475D-A872-52A2964CC606}"
EndProject
Project("{FAE04EC0-301F-11D3-BF4B-00C04F79EFBC}") = "LockFreeWithInterlocked", "LockFreeWithInterlocked\LockFreeWithInterlocked.csproj", "{15978901-6FAD-434A-9E49-E13C584D8089}"
EndProject
Project("{FAE04EC0-301F-11D3-BF4B-00C04F79EFBC}") = "MomeryAllocation", "MomeryAllocation\MomeryAllocation.csproj", "{BA19011A-0AF8-449E-9076-2864AF16C7FE}"
EndProject
Project("{FAE04EC0-301F-11D3-BF4B-00C04F79EFBC}") = "Parallel", "Parallel\Parallel.csproj", "{84867F99-3E1F-4CCB-8D00-26BEDBA7B3DB}"
EndProject
Global
	GlobalSection(SolutionConfigurationPlatforms) = preSolution
		Debug|Any CPU = Debug|Any CPU
		Debug|x64 = Debug|x64
		Debug|x86 = Debug|x86
		Release|Any CPU = Release|Any CPU
		Release|x64 = Release|x64
		Release|x86 = Release|x86
	EndGlobalSection
	GlobalSection(SolutionProperties) = preSolution
		HideSolutionNode = FALSE
	EndGlobalSection
	GlobalSection(ProjectConfigurationPlatforms) = postSolution
		{B1E30817-CB9C-44A6-9860-184978F52014}.Debug|Any CPU.ActiveCfg = Debug|Any CPU
		{B1E30817-CB9C-44A6-9860-184978F52014}.Debug|Any CPU.Build.0 = Debug|Any CPU
		{B1E30817-CB9C-44A6-9860-184978F52014}.Debug|x64.ActiveCfg = Debug|Any CPU
		{B1E30817-CB9C-44A6-9860-184978F52014}.Debug|x64.Build.0 = Debug|Any CPU
		{B1E30817-CB9C-44A6-9860-184978F52014}.Debug|x86.ActiveCfg = Debug|Any CPU
		{B1E30817-CB9C-44A6-9860-184978F52014}.Debug|x86.Build.0 = Debug|Any CPU
		{B1E30817-CB9C-44A6-9860-184978F52014}.Release|Any CPU.ActiveCfg = Release|Any CPU
		{B1E30817-CB9C-44A6-9860-184978F52014}.Release|Any CPU.Build.0 = Release|Any CPU
		{B1E30817-CB9C-44A6-9860-184978F52014}.Release|x64.ActiveCfg = Release|Any CPU
		{B1E30817-CB9C-44A6-9860-184978F52014}.Release|x64.Build.0 = Release|Any CPU
		{B1E30817-CB9C-44A6-9860-184978F52014}.Release|x86.ActiveCfg = Release|Any CPU
		{B1E30817-CB9C-44A6-9860-184978F52014}.Release|x86.Build.0 = Release|Any CPU
		{0BA107CB-8AC8-4EDB-95A1-172EF93E53AE}.Debug|Any CPU.ActiveCfg = Debug|Any CPU
		{0BA107CB-8AC8-4EDB-95A1-172EF93E53AE}.Debug|Any CPU.Build.0 = Debug|Any CPU
		{0BA107CB-8AC8-4EDB-95A1-172EF93E53AE}.Debug|x64.ActiveCfg = Debug|Any CPU
		{0BA107CB-8AC8-4EDB-95A1-172EF93E53AE}.Debug|x64.Build.0 = Debug|Any CPU
		{0BA107CB-8AC8-4EDB-95A1-172EF93E53AE}.Debug|x86.ActiveCfg = Debug|Any CPU
		{0BA107CB-8AC8-4EDB-95A1-172EF93E53AE}.Debug|x86.Build.0 = Debug|Any CPU
		{0BA107CB-8AC8-4EDB-95A1-172EF93E53AE}.Release|Any CPU.ActiveCfg = Release|Any CPU
		{0BA107CB-8AC8-4EDB-95A1-172EF93E53AE}.Release|Any CPU.Build.0 = Release|Any CPU
		{0BA107CB-8AC8-4EDB-95A1-172EF93E53AE}.Release|x64.ActiveCfg = Release|Any CPU
		{0BA107CB-8AC8-4EDB-95A1-172EF93E53AE}.Release|x64.Build.0 = Release|Any CPU
		{0BA107CB-8AC8-4EDB-95A1-172EF93E53AE}.Release|x86.ActiveCfg = Release|Any CPU
		{0BA107CB-8AC8-4EDB-95A1-172EF93E53AE}.Release|x86.Build.0 = Release|Any CPU
		{D0A1525D-AF5E-42AF-8446-76A6DC755F8D}.Debug|Any CPU.ActiveCfg = Debug|Any CPU
		{D0A1525D-AF5E-42AF-8446-76A6DC755F8D}.Debug|Any CPU.Build.0 = Debug|Any CPU
		{D0A1525D-AF5E-42AF-8446-76A6DC755F8D}.Debug|x64.ActiveCfg = Debug|Any CPU
		{D0A1525D-AF5E-42AF-8446-76A6DC755F8D}.Debug|x64.Build.0 = Debug|Any CPU
		{D0A1525D-AF5E-42AF-8446-76A6DC755F8D}.Debug|x86.ActiveCfg = Debug|Any CPU
		{D0A1525D-AF5E-42AF-8446-76A6DC755F8D}.Debug|x86.Build.0 = Debug|Any CPU
		{D0A1525D-AF5E-42AF-8446-76A6DC755F8D}.Release|Any CPU.ActiveCfg = Release|Any CPU
		{D0A1525D-AF5E-42AF-8446-76A6DC755F8D}.Release|Any CPU.Build.0 = Release|Any CPU
		{D0A1525D-AF5E-42AF-8446-76A6DC755F8D}.Release|x64.ActiveCfg = Release|Any CPU
		{D0A1525D-AF5E-42AF-8446-76A6DC755F8D}.Release|x64.Build.0 = Release|Any CPU
		{D0A1525D-AF5E-42AF-8446-76A6DC755F8D}.Release|x86.ActiveCfg = Release|Any CPU
		{D0A1525D-AF5E-42AF-8446-76A6DC755F8D}.Release|x86.Build.0 = Release|Any CPU
		{35545733-71A2-475D-A872-52A2964CC606}.Debug|Any CPU.ActiveCfg = Debug|Any CPU
		{35545733-71A2-475D-A872-52A2964CC606}.Debug|Any CPU.Build.0 = Debug|Any CPU
		{35545733-71A2-475D-A872-52A2964CC606}.Debug|x64.ActiveCfg = Debug|Any CPU
		{35545733-71A2-475D-A872-52A2964CC606}.Debug|x64.Build.0 = Debug|Any CPU
		{35545733-71A2-475D-A872-52A2964CC606}.Debug|x86.ActiveCfg = Debug|Any CPU
		{35545733-71A2-475D-A872-52A2964CC606}.Debug|x86.Build.0 = Debug|Any CPU
		{35545733-71A2-475D-A872-52A2964CC606}.Release|Any CPU.ActiveCfg = Release|Any CPU
		{35545733-71A2-475D-A872-52A2964CC606}.Release|Any CPU.Build.0 = Release|Any CPU
		{35545733-71A2-475D-A872-52A2964CC606}.Release|x64.ActiveCfg = Release|Any CPU
		{35545733-71A2-475D-A872-52A2964CC606}.Release|x64.Build.0 = Release|Any CPU
		{35545733-71A2-475D-A872-52A2964CC606}.Release|x86.ActiveCfg = Release|Any CPU
		{35545733-71A2-475D-A872-52A2964CC606}.Release|x86.Build.0 = Release|Any CPU
		{15978901-6FAD-434A-9E49-E13C584D8089}.Debug|Any CPU.ActiveCfg = Debug|Any CPU
		{15978901-6FAD-434A-9E49-E13C584D8089}.Debug|Any CPU.Build.0 = Debug|Any CPU
		{15978901-6FAD-434A-9E49-E13C584D8089}.Debug|x64.ActiveCfg = Debug|Any CPU
		{15978901-6FAD-434A-9E49-E13C584D8089}.Debug|x64.Build.0 = Debug|Any CPU
		{15978901-6FAD-434A-9E49-E13C584D8089}.Debug|x86.ActiveCfg = Debug|Any CPU
		{15978901-6FAD-434A-9E49-E13C584D8089}.Debug|x86.Build.0 = Debug|Any CPU
		{15978901-6FAD-434A-9E49-E13C584D8089}.Release|Any CPU.ActiveCfg = Release|Any CPU
		{15978901-6FAD-434A-9E49-E13C584D8089}.Release|Any CPU.Build.0 = Release|Any CPU
		{15978901-6FAD-434A-9E49-E13C584D8089}.Release|x64.ActiveCfg = Release|Any CPU
		{15978901-6FAD-434A-9E49-E13C584D8089}.Release|x64.Build.0 = Release|Any CPU
		{15978901-6FAD-434A-9E49-E13C584D8089}.Release|x86.ActiveCfg = Release|Any CPU
		{15978901-6FAD-434A-9E49-E13C584D8089}.Release|x86.Build.0 = Release|Any CPU
		{BA19011A-0AF8-449E-9076-2864AF16C7FE}.Debug|Any CPU.ActiveCfg = Debug|Any CPU
		{BA19011A-0AF8-449E-9076-2864AF16C7FE}.Debug|Any CPU.Build.0 = Debug|Any CPU
		{BA19011A-0AF8-449E-9076-2864AF16C7FE}.Debug|x64.ActiveCfg = Debug|Any CPU
		{BA19011A-0AF8-449E-9076-2864AF16C7FE}.Debug|x64.Build.0 = Debug|Any CPU
		{BA19011A-0AF8-449E-9076-2864AF16C7FE}.Debug|x86.ActiveCfg = Debug|Any CPU
		{BA19011A-0AF8-449E-9076-2864AF16C7FE}.Debug|x86.Build.0 = Debug|Any CPU
		{BA19011A-0AF8-449E-9076-2864AF16C7FE}.Release|Any CPU.ActiveCfg = Release|Any CPU
		{BA19011A-0AF8-449E-9076-2864AF16C7FE}.Release|Any CPU.Build.0 = Release|Any CPU
		{BA19011A-0AF8-449E-9076-2864AF16C7FE}.Release|x64.ActiveCfg = Release|Any CPU
		{BA19011A-0AF8-449E-9076-2864AF16C7FE}.Release|x64.Build.0 = Release|Any CPU
		{BA19011A-0AF8-449E-9076-2864AF16C7FE}.Release|x86.ActiveCfg = Release|Any CPU
		{BA19011A-0AF8-449E-9076-2864AF16C7FE}.Release|x86.Build.0 = Release|Any CPU
		{84867F99-3E1F-4CCB-8D00-26BEDBA7B3DB}.Debug|Any CPU.ActiveCfg = Debug|Any CPU
		{84867F99-3E1F-4CCB-8D00-26BEDBA7B3DB}.Debug|Any CPU.Build.0 = Debug|Any CPU
		{84867F99-3E1F-4CCB-8D00-26BEDBA7B3DB}.Debug|x64.ActiveCfg = Debug|Any CPU
		{84867F99-3E1F-4CCB-8D00-26BEDBA7B3DB}.Debug|x64.Build.0 = Debug|Any CPU
		{84867F99-3E1F-4CCB-8D00-26BEDBA7B3DB}.Debug|x86.ActiveCfg = Debug|Any CPU
		{84867F99-3E1F-4CCB-8D00-26BEDBA7B3DB}.Debug|x86.Build.0 = Debug|Any CPU
		{84867F99-3E1F-4CCB-8D00-26BEDBA7B3DB}.Release|Any CPU.ActiveCfg = Release|Any CPU
		{84867F99-3E1F-4CCB-8D00-26BEDBA7B3DB}.Release|Any CPU.Build.0 = Release|Any CPU
		{84867F99-3E1F-4CCB-8D00-26BEDBA7B3DB}.Release|x64.ActiveCfg = Release|Any CPU
		{84867F99-3E1F-4CCB-8D00-26BEDBA7B3DB}.Release|x64.Build.0 = Release|Any CPU
		{84867F99-3E1F-4CCB-8D00-26BEDBA7B3DB}.Release|x86.ActiveCfg = Release|Any CPU
		{84867F99-3E1F-4CCB-8D00-26BEDBA7B3DB}.Release|x86.Build.0 = Release|Any CPU
	EndGlobalSection
EndGlobal
