
Microsoft Visual Studio Solution File, Format Version 12.00
# Visual Studio Version 17
VisualStudioVersion = 17.0.31903.59
MinimumVisualStudioVersion = 10.0.40219.1
Project("{FAE04EC0-301F-11D3-BF4B-00C04F79EFBC}") = "HelloSyntaxTree", "HelloSyntaxTree\HelloSyntaxTree.csproj", "{83D5A985-E07B-4E90-BE0C-089B20FBE8AD}"
EndProject
Project("{FAE04EC0-301F-11D3-BF4B-00C04F79EFBC}") = "SyntaxWalker", "SyntaxWalker\SyntaxWalker.csproj", "{C6FF3B5F-DD00-40E9-BBCD-A9949061E1AE}"
EndProject
Global
	GlobalSection(SolutionConfigurationPlatforms) = preSolution
		Debug|Any CPU = Debug|Any CPU
		Release|Any CPU = Release|Any CPU
	EndGlobalSection
	GlobalSection(ProjectConfigurationPlatforms) = postSolution
		{83D5A985-E07B-4E90-BE0C-089B20FBE8AD}.Debug|Any CPU.ActiveCfg = Debug|Any CPU
		{83D5A985-E07B-4E90-BE0C-089B20FBE8AD}.Debug|Any CPU.Build.0 = Debug|Any CPU
		{83D5A985-E07B-4E90-BE0C-089B20FBE8AD}.Release|Any CPU.ActiveCfg = Release|Any CPU
		{83D5A985-E07B-4E90-BE0C-089B20FBE8AD}.Release|Any CPU.Build.0 = Release|Any CPU
		{C6FF3B5F-DD00-40E9-BBCD-A9949061E1AE}.Debug|Any CPU.ActiveCfg = Debug|Any CPU
		{C6FF3B5F-DD00-40E9-BBCD-A9949061E1AE}.Debug|Any CPU.Build.0 = Debug|Any CPU
		{C6FF3B5F-DD00-40E9-BBCD-A9949061E1AE}.Release|Any CPU.ActiveCfg = Release|Any CPU
		{C6FF3B5F-DD00-40E9-BBCD-A9949061E1AE}.Release|Any CPU.Build.0 = Release|Any CPU
	EndGlobalSection
	GlobalSection(SolutionProperties) = preSolution
		HideSolutionNode = FALSE
	EndGlobalSection
	GlobalSection(ExtensibilityGlobals) = postSolution
		SolutionGuid = {DF148C04-ED23-4D68-A6F2-0DA53B138AFC}
	EndGlobalSection
EndGlobal
