
Microsoft Visual Studio Solution File, Format Version 12.00
# Visual Studio 15
VisualStudioVersion = 15.0.26124.0
MinimumVisualStudioVersion = 15.0.26124.0
Project("{FAE04EC0-301F-11D3-BF4B-00C04F79EFBC}") = "AsyncPatternInNet", "AsyncPatternInNet\AsyncPatternInNet.csproj", "{2E0EBB93-1FA8-4B4F-A0D0-0C09473A2334}"
EndProject
Project("{FAE04EC0-301F-11D3-BF4B-00C04F79EFBC}") = "AwaitWhatActuallyToDo", "AwaitWhatActuallyToDo\AwaitWhatActuallyToDo.csproj", "{1042307E-2CDD-4DAD-A35F-086D3B8DE7D7}"
EndProject
Project("{FAE04EC0-301F-11D3-BF4B-00C04F79EFBC}") = "TAPs", "TAPs\TAPs.csproj", "{3D7CD8A5-2DAC-4970-BFF9-735B7D6EE724}"
EndProject
Project("{FAE04EC0-301F-11D3-BF4B-00C04F79EFBC}") = "UtilitiesForTAP", "UtilitiesForTAP\UtilitiesForTAP.csproj", "{23B8234F-BAF4-4DCE-9872-E46488D79BD8}"
EndProject
Global
	GlobalSection(SolutionConfigurationPlatforms) = preSolution
		Debug|Any CPU = Debug|Any CPU
		Debug|x64 = Debug|x64
		Debug|x86 = Debug|x86
		Release|Any CPU = Release|Any CPU
		Release|x64 = Release|x64
		Release|x86 = Release|x86
	EndGlobalSection
	GlobalSection(SolutionProperties) = preSolution
		HideSolutionNode = FALSE
	EndGlobalSection
	GlobalSection(ProjectConfigurationPlatforms) = postSolution
		{2E0EBB93-1FA8-4B4F-A0D0-0C09473A2334}.Debug|Any CPU.ActiveCfg = Debug|Any CPU
		{2E0EBB93-1FA8-4B4F-A0D0-0C09473A2334}.Debug|Any CPU.Build.0 = Debug|Any CPU
		{2E0EBB93-1FA8-4B4F-A0D0-0C09473A2334}.Debug|x64.ActiveCfg = Debug|Any CPU
		{2E0EBB93-1FA8-4B4F-A0D0-0C09473A2334}.Debug|x64.Build.0 = Debug|Any CPU
		{2E0EBB93-1FA8-4B4F-A0D0-0C09473A2334}.Debug|x86.ActiveCfg = Debug|Any CPU
		{2E0EBB93-1FA8-4B4F-A0D0-0C09473A2334}.Debug|x86.Build.0 = Debug|Any CPU
		{2E0EBB93-1FA8-4B4F-A0D0-0C09473A2334}.Release|Any CPU.ActiveCfg = Release|Any CPU
		{2E0EBB93-1FA8-4B4F-A0D0-0C09473A2334}.Release|Any CPU.Build.0 = Release|Any CPU
		{2E0EBB93-1FA8-4B4F-A0D0-0C09473A2334}.Release|x64.ActiveCfg = Release|Any CPU
		{2E0EBB93-1FA8-4B4F-A0D0-0C09473A2334}.Release|x64.Build.0 = Release|Any CPU
		{2E0EBB93-1FA8-4B4F-A0D0-0C09473A2334}.Release|x86.ActiveCfg = Release|Any CPU
		{2E0EBB93-1FA8-4B4F-A0D0-0C09473A2334}.Release|x86.Build.0 = Release|Any CPU
		{1042307E-2CDD-4DAD-A35F-086D3B8DE7D7}.Debug|Any CPU.ActiveCfg = Debug|Any CPU
		{1042307E-2CDD-4DAD-A35F-086D3B8DE7D7}.Debug|Any CPU.Build.0 = Debug|Any CPU
		{1042307E-2CDD-4DAD-A35F-086D3B8DE7D7}.Debug|x64.ActiveCfg = Debug|Any CPU
		{1042307E-2CDD-4DAD-A35F-086D3B8DE7D7}.Debug|x64.Build.0 = Debug|Any CPU
		{1042307E-2CDD-4DAD-A35F-086D3B8DE7D7}.Debug|x86.ActiveCfg = Debug|Any CPU
		{1042307E-2CDD-4DAD-A35F-086D3B8DE7D7}.Debug|x86.Build.0 = Debug|Any CPU
		{1042307E-2CDD-4DAD-A35F-086D3B8DE7D7}.Release|Any CPU.ActiveCfg = Release|Any CPU
		{1042307E-2CDD-4DAD-A35F-086D3B8DE7D7}.Release|Any CPU.Build.0 = Release|Any CPU
		{1042307E-2CDD-4DAD-A35F-086D3B8DE7D7}.Release|x64.ActiveCfg = Release|Any CPU
		{1042307E-2CDD-4DAD-A35F-086D3B8DE7D7}.Release|x64.Build.0 = Release|Any CPU
		{1042307E-2CDD-4DAD-A35F-086D3B8DE7D7}.Release|x86.ActiveCfg = Release|Any CPU
		{1042307E-2CDD-4DAD-A35F-086D3B8DE7D7}.Release|x86.Build.0 = Release|Any CPU
		{3D7CD8A5-2DAC-4970-BFF9-735B7D6EE724}.Debug|Any CPU.ActiveCfg = Debug|Any CPU
		{3D7CD8A5-2DAC-4970-BFF9-735B7D6EE724}.Debug|Any CPU.Build.0 = Debug|Any CPU
		{3D7CD8A5-2DAC-4970-BFF9-735B7D6EE724}.Debug|x64.ActiveCfg = Debug|Any CPU
		{3D7CD8A5-2DAC-4970-BFF9-735B7D6EE724}.Debug|x64.Build.0 = Debug|Any CPU
		{3D7CD8A5-2DAC-4970-BFF9-735B7D6EE724}.Debug|x86.ActiveCfg = Debug|Any CPU
		{3D7CD8A5-2DAC-4970-BFF9-735B7D6EE724}.Debug|x86.Build.0 = Debug|Any CPU
		{3D7CD8A5-2DAC-4970-BFF9-735B7D6EE724}.Release|Any CPU.ActiveCfg = Release|Any CPU
		{3D7CD8A5-2DAC-4970-BFF9-735B7D6EE724}.Release|Any CPU.Build.0 = Release|Any CPU
		{3D7CD8A5-2DAC-4970-BFF9-735B7D6EE724}.Release|x64.ActiveCfg = Release|Any CPU
		{3D7CD8A5-2DAC-4970-BFF9-735B7D6EE724}.Release|x64.Build.0 = Release|Any CPU
		{3D7CD8A5-2DAC-4970-BFF9-735B7D6EE724}.Release|x86.ActiveCfg = Release|Any CPU
		{3D7CD8A5-2DAC-4970-BFF9-735B7D6EE724}.Release|x86.Build.0 = Release|Any CPU
		{23B8234F-BAF4-4DCE-9872-E46488D79BD8}.Debug|Any CPU.ActiveCfg = Debug|Any CPU
		{23B8234F-BAF4-4DCE-9872-E46488D79BD8}.Debug|Any CPU.Build.0 = Debug|Any CPU
		{23B8234F-BAF4-4DCE-9872-E46488D79BD8}.Debug|x64.ActiveCfg = Debug|Any CPU
		{23B8234F-BAF4-4DCE-9872-E46488D79BD8}.Debug|x64.Build.0 = Debug|Any CPU
		{23B8234F-BAF4-4DCE-9872-E46488D79BD8}.Debug|x86.ActiveCfg = Debug|Any CPU
		{23B8234F-BAF4-4DCE-9872-E46488D79BD8}.Debug|x86.Build.0 = Debug|Any CPU
		{23B8234F-BAF4-4DCE-9872-E46488D79BD8}.Release|Any CPU.ActiveCfg = Release|Any CPU
		{23B8234F-BAF4-4DCE-9872-E46488D79BD8}.Release|Any CPU.Build.0 = Release|Any CPU
		{23B8234F-BAF4-4DCE-9872-E46488D79BD8}.Release|x64.ActiveCfg = Release|Any CPU
		{23B8234F-BAF4-4DCE-9872-E46488D79BD8}.Release|x64.Build.0 = Release|Any CPU
		{23B8234F-BAF4-4DCE-9872-E46488D79BD8}.Release|x86.ActiveCfg = Release|Any CPU
		{23B8234F-BAF4-4DCE-9872-E46488D79BD8}.Release|x86.Build.0 = Release|Any CPU
	EndGlobalSection
EndGlobal
