
Microsoft Visual Studio Solution File, Format Version 12.00
# Visual Studio 15
VisualStudioVersion = 15.0.26124.0
MinimumVisualStudioVersion = 15.0.26124.0
Project("{FAE04EC0-301F-11D3-BF4B-00C04F79EFBC}") = "ThreadBasic", "ThreadBasic\ThreadBasic.csproj", "{8651A3CF-D866-4D5E-8B2F-C8810A330B4B}"
EndProject
Project("{FAE04EC0-301F-11D3-BF4B-00C04F79EFBC}") = "03ParallerBasic", "03ParallerBasic\03ParallerBasic.csproj", "{EC8B7A77-149A-4DE3-ADE5-8FBD6A044341}"
EndProject
Project("{FAE04EC0-301F-11D3-BF4B-00C04F79EFBC}") = "04DataFlow", "04DataFlow\04DataFlow.csproj", "{AE6C7ECC-7269-4110-9120-73E4CFF799B9}"
EndProject
Project("{FAE04EC0-301F-11D3-BF4B-00C04F79EFBC}") = "05ReactiveExtensions", "05ReactiveExtensions\05ReactiveExtensions.csproj", "{AD1AAA2B-18BF-4AF2-9231-ACD86B430B39}"
EndProject
Project("{FAE04EC0-301F-11D3-BF4B-00C04F79EFBC}") = "06UnitTest", "06UnitTest\06UnitTest.csproj", "{54BB8EEB-6270-4F17-AA98-AEF8C7EBF4C7}"
EndProject
Project("{FAE04EC0-301F-11D3-BF4B-00C04F79EFBC}") = "07Interoperate", "07Interoperate\07Interoperate.csproj", "{BC07E533-ECD0-4495-96B3-7A471271A71F}"
EndProject
Global
	GlobalSection(SolutionConfigurationPlatforms) = preSolution
		Debug|Any CPU = Debug|Any CPU
		Debug|x64 = Debug|x64
		Debug|x86 = Debug|x86
		Release|Any CPU = Release|Any CPU
		Release|x64 = Release|x64
		Release|x86 = Release|x86
	EndGlobalSection
	GlobalSection(SolutionProperties) = preSolution
		HideSolutionNode = FALSE
	EndGlobalSection
	GlobalSection(ProjectConfigurationPlatforms) = postSolution
		{8651A3CF-D866-4D5E-8B2F-C8810A330B4B}.Debug|Any CPU.ActiveCfg = Debug|Any CPU
		{8651A3CF-D866-4D5E-8B2F-C8810A330B4B}.Debug|Any CPU.Build.0 = Debug|Any CPU
		{8651A3CF-D866-4D5E-8B2F-C8810A330B4B}.Debug|x64.ActiveCfg = Debug|Any CPU
		{8651A3CF-D866-4D5E-8B2F-C8810A330B4B}.Debug|x64.Build.0 = Debug|Any CPU
		{8651A3CF-D866-4D5E-8B2F-C8810A330B4B}.Debug|x86.ActiveCfg = Debug|Any CPU
		{8651A3CF-D866-4D5E-8B2F-C8810A330B4B}.Debug|x86.Build.0 = Debug|Any CPU
		{8651A3CF-D866-4D5E-8B2F-C8810A330B4B}.Release|Any CPU.ActiveCfg = Release|Any CPU
		{8651A3CF-D866-4D5E-8B2F-C8810A330B4B}.Release|Any CPU.Build.0 = Release|Any CPU
		{8651A3CF-D866-4D5E-8B2F-C8810A330B4B}.Release|x64.ActiveCfg = Release|Any CPU
		{8651A3CF-D866-4D5E-8B2F-C8810A330B4B}.Release|x64.Build.0 = Release|Any CPU
		{8651A3CF-D866-4D5E-8B2F-C8810A330B4B}.Release|x86.ActiveCfg = Release|Any CPU
		{8651A3CF-D866-4D5E-8B2F-C8810A330B4B}.Release|x86.Build.0 = Release|Any CPU
		{EC8B7A77-149A-4DE3-ADE5-8FBD6A044341}.Debug|Any CPU.ActiveCfg = Debug|Any CPU
		{EC8B7A77-149A-4DE3-ADE5-8FBD6A044341}.Debug|Any CPU.Build.0 = Debug|Any CPU
		{EC8B7A77-149A-4DE3-ADE5-8FBD6A044341}.Debug|x64.ActiveCfg = Debug|Any CPU
		{EC8B7A77-149A-4DE3-ADE5-8FBD6A044341}.Debug|x64.Build.0 = Debug|Any CPU
		{EC8B7A77-149A-4DE3-ADE5-8FBD6A044341}.Debug|x86.ActiveCfg = Debug|Any CPU
		{EC8B7A77-149A-4DE3-ADE5-8FBD6A044341}.Debug|x86.Build.0 = Debug|Any CPU
		{EC8B7A77-149A-4DE3-ADE5-8FBD6A044341}.Release|Any CPU.ActiveCfg = Release|Any CPU
		{EC8B7A77-149A-4DE3-ADE5-8FBD6A044341}.Release|Any CPU.Build.0 = Release|Any CPU
		{EC8B7A77-149A-4DE3-ADE5-8FBD6A044341}.Release|x64.ActiveCfg = Release|Any CPU
		{EC8B7A77-149A-4DE3-ADE5-8FBD6A044341}.Release|x64.Build.0 = Release|Any CPU
		{EC8B7A77-149A-4DE3-ADE5-8FBD6A044341}.Release|x86.ActiveCfg = Release|Any CPU
		{EC8B7A77-149A-4DE3-ADE5-8FBD6A044341}.Release|x86.Build.0 = Release|Any CPU
		{AE6C7ECC-7269-4110-9120-73E4CFF799B9}.Debug|Any CPU.ActiveCfg = Debug|Any CPU
		{AE6C7ECC-7269-4110-9120-73E4CFF799B9}.Debug|Any CPU.Build.0 = Debug|Any CPU
		{AE6C7ECC-7269-4110-9120-73E4CFF799B9}.Debug|x64.ActiveCfg = Debug|Any CPU
		{AE6C7ECC-7269-4110-9120-73E4CFF799B9}.Debug|x64.Build.0 = Debug|Any CPU
		{AE6C7ECC-7269-4110-9120-73E4CFF799B9}.Debug|x86.ActiveCfg = Debug|Any CPU
		{AE6C7ECC-7269-4110-9120-73E4CFF799B9}.Debug|x86.Build.0 = Debug|Any CPU
		{AE6C7ECC-7269-4110-9120-73E4CFF799B9}.Release|Any CPU.ActiveCfg = Release|Any CPU
		{AE6C7ECC-7269-4110-9120-73E4CFF799B9}.Release|Any CPU.Build.0 = Release|Any CPU
		{AE6C7ECC-7269-4110-9120-73E4CFF799B9}.Release|x64.ActiveCfg = Release|Any CPU
		{AE6C7ECC-7269-4110-9120-73E4CFF799B9}.Release|x64.Build.0 = Release|Any CPU
		{AE6C7ECC-7269-4110-9120-73E4CFF799B9}.Release|x86.ActiveCfg = Release|Any CPU
		{AE6C7ECC-7269-4110-9120-73E4CFF799B9}.Release|x86.Build.0 = Release|Any CPU
		{AD1AAA2B-18BF-4AF2-9231-ACD86B430B39}.Debug|Any CPU.ActiveCfg = Debug|Any CPU
		{AD1AAA2B-18BF-4AF2-9231-ACD86B430B39}.Debug|Any CPU.Build.0 = Debug|Any CPU
		{AD1AAA2B-18BF-4AF2-9231-ACD86B430B39}.Debug|x64.ActiveCfg = Debug|Any CPU
		{AD1AAA2B-18BF-4AF2-9231-ACD86B430B39}.Debug|x64.Build.0 = Debug|Any CPU
		{AD1AAA2B-18BF-4AF2-9231-ACD86B430B39}.Debug|x86.ActiveCfg = Debug|Any CPU
		{AD1AAA2B-18BF-4AF2-9231-ACD86B430B39}.Debug|x86.Build.0 = Debug|Any CPU
		{AD1AAA2B-18BF-4AF2-9231-ACD86B430B39}.Release|Any CPU.ActiveCfg = Release|Any CPU
		{AD1AAA2B-18BF-4AF2-9231-ACD86B430B39}.Release|Any CPU.Build.0 = Release|Any CPU
		{AD1AAA2B-18BF-4AF2-9231-ACD86B430B39}.Release|x64.ActiveCfg = Release|Any CPU
		{AD1AAA2B-18BF-4AF2-9231-ACD86B430B39}.Release|x64.Build.0 = Release|Any CPU
		{AD1AAA2B-18BF-4AF2-9231-ACD86B430B39}.Release|x86.ActiveCfg = Release|Any CPU
		{AD1AAA2B-18BF-4AF2-9231-ACD86B430B39}.Release|x86.Build.0 = Release|Any CPU
		{54BB8EEB-6270-4F17-AA98-AEF8C7EBF4C7}.Debug|Any CPU.ActiveCfg = Debug|Any CPU
		{54BB8EEB-6270-4F17-AA98-AEF8C7EBF4C7}.Debug|Any CPU.Build.0 = Debug|Any CPU
		{54BB8EEB-6270-4F17-AA98-AEF8C7EBF4C7}.Debug|x64.ActiveCfg = Debug|Any CPU
		{54BB8EEB-6270-4F17-AA98-AEF8C7EBF4C7}.Debug|x64.Build.0 = Debug|Any CPU
		{54BB8EEB-6270-4F17-AA98-AEF8C7EBF4C7}.Debug|x86.ActiveCfg = Debug|Any CPU
		{54BB8EEB-6270-4F17-AA98-AEF8C7EBF4C7}.Debug|x86.Build.0 = Debug|Any CPU
		{54BB8EEB-6270-4F17-AA98-AEF8C7EBF4C7}.Release|Any CPU.ActiveCfg = Release|Any CPU
		{54BB8EEB-6270-4F17-AA98-AEF8C7EBF4C7}.Release|Any CPU.Build.0 = Release|Any CPU
		{54BB8EEB-6270-4F17-AA98-AEF8C7EBF4C7}.Release|x64.ActiveCfg = Release|Any CPU
		{54BB8EEB-6270-4F17-AA98-AEF8C7EBF4C7}.Release|x64.Build.0 = Release|Any CPU
		{54BB8EEB-6270-4F17-AA98-AEF8C7EBF4C7}.Release|x86.ActiveCfg = Release|Any CPU
		{54BB8EEB-6270-4F17-AA98-AEF8C7EBF4C7}.Release|x86.Build.0 = Release|Any CPU
		{BC07E533-ECD0-4495-96B3-7A471271A71F}.Debug|Any CPU.ActiveCfg = Debug|Any CPU
		{BC07E533-ECD0-4495-96B3-7A471271A71F}.Debug|Any CPU.Build.0 = Debug|Any CPU
		{BC07E533-ECD0-4495-96B3-7A471271A71F}.Debug|x64.ActiveCfg = Debug|Any CPU
		{BC07E533-ECD0-4495-96B3-7A471271A71F}.Debug|x64.Build.0 = Debug|Any CPU
		{BC07E533-ECD0-4495-96B3-7A471271A71F}.Debug|x86.ActiveCfg = Debug|Any CPU
		{BC07E533-ECD0-4495-96B3-7A471271A71F}.Debug|x86.Build.0 = Debug|Any CPU
		{BC07E533-ECD0-4495-96B3-7A471271A71F}.Release|Any CPU.ActiveCfg = Release|Any CPU
		{BC07E533-ECD0-4495-96B3-7A471271A71F}.Release|Any CPU.Build.0 = Release|Any CPU
		{BC07E533-ECD0-4495-96B3-7A471271A71F}.Release|x64.ActiveCfg = Release|Any CPU
		{BC07E533-ECD0-4495-96B3-7A471271A71F}.Release|x64.Build.0 = Release|Any CPU
		{BC07E533-ECD0-4495-96B3-7A471271A71F}.Release|x86.ActiveCfg = Release|Any CPU
		{BC07E533-ECD0-4495-96B3-7A471271A71F}.Release|x86.Build.0 = Release|Any CPU
	EndGlobalSection
EndGlobal
